
Microsoft Visual Studio Solution File, Format Version 12.00
# Visual Studio Version 16
VisualStudioVersion = 16.0.30011.22
MinimumVisualStudioVersion = 10.0.40219.1
Project("{FAE04EC0-301F-11D3-BF4B-00C04F79EFBC}") = "Pinknose.DistributedWorkers", "Pinknose.DistributedWorkers\Pinknose.DistributedWorkers.csproj", "{D1138450-5528-40A0-9D07-73C16E5B6F17}"
EndProject
Global
	GlobalSection(SolutionConfigurationPlatforms) = preSolution
		Debug|Any CPU = Debug|Any CPU
		Release|Any CPU = Release|Any CPU
	EndGlobalSection
	GlobalSection(ProjectConfigurationPlatforms) = postSolution
		{D1138450-5528-40A0-9D07-73C16E5B6F17}.Debug|Any CPU.ActiveCfg = Debug|Any CPU
		{D1138450-5528-40A0-9D07-73C16E5B6F17}.Debug|Any CPU.Build.0 = Debug|Any CPU
		{D1138450-5528-40A0-9D07-73C16E5B6F17}.Release|Any CPU.ActiveCfg = Release|Any CPU
		{D1138450-5528-40A0-9D07-73C16E5B6F17}.Release|Any CPU.Build.0 = Release|Any CPU
	EndGlobalSection
	GlobalSection(SolutionProperties) = preSolution
		HideSolutionNode = FALSE
	EndGlobalSection
	GlobalSection(ExtensibilityGlobals) = postSolution
		SolutionGuid = {8F3BDCBD-2811-4E04-95F8-098C2D851108}
	EndGlobalSection
EndGlobal
